
Microsoft Visual Studio Solution File, Format Version 12.00
# Visual Studio Version 17
VisualStudioVersion = 17.3.32929.385
MinimumVisualStudioVersion = 10.0.40219.1
Project("{FAE04EC0-301F-11D3-BF4B-00C04F79EFBC}") = "SmugCity", "SmugCity\SmugCity.csproj", "{0D716C60-16B6-4A3B-8D8F-609CFC7C4E08}"
EndProject
Project("{FAE04EC0-301F-11D3-BF4B-00C04F79EFBC}") = "Smug.Main", "Smug.Main\Smug.Main.csproj", "{50F1933C-FEF5-4C11-B7DA-12444A7CD233}"
EndProject
Global
	GlobalSection(SolutionConfigurationPlatforms) = preSolution
		Debug|Any CPU = Debug|Any CPU
		Release|Any CPU = Release|Any CPU
	EndGlobalSection
	GlobalSection(ProjectConfigurationPlatforms) = postSolution
		{0D716C60-16B6-4A3B-8D8F-609CFC7C4E08}.Debug|Any CPU.ActiveCfg = Debug|Any CPU
		{0D716C60-16B6-4A3B-8D8F-609CFC7C4E08}.Debug|Any CPU.Build.0 = Debug|Any CPU
		{0D716C60-16B6-4A3B-8D8F-609CFC7C4E08}.Release|Any CPU.ActiveCfg = Release|Any CPU
		{0D716C60-16B6-4A3B-8D8F-609CFC7C4E08}.Release|Any CPU.Build.0 = Release|Any CPU
		{50F1933C-FEF5-4C11-B7DA-12444A7CD233}.Debug|Any CPU.ActiveCfg = Debug|Any CPU
		{50F1933C-FEF5-4C11-B7DA-12444A7CD233}.Debug|Any CPU.Build.0 = Debug|Any CPU
		{50F1933C-FEF5-4C11-B7DA-12444A7CD233}.Release|Any CPU.ActiveCfg = Release|Any CPU
		{50F1933C-FEF5-4C11-B7DA-12444A7CD233}.Release|Any CPU.Build.0 = Release|Any CPU
	EndGlobalSection
	GlobalSection(SolutionProperties) = preSolution
		HideSolutionNode = FALSE
	EndGlobalSection
	GlobalSection(ExtensibilityGlobals) = postSolution
		SolutionGuid = {C0451C41-1A08-4011-AEE3-01F7866185FD}
	EndGlobalSection
EndGlobal
